
Microsoft Visual Studio Solution File, Format Version 12.00
# Visual Studio Version 17
VisualStudioVersion = 17.3.32929.385
MinimumVisualStudioVersion = 10.0.40219.1
Project("{9A19103F-16F7-4668-BE54-9A1E7A4F7556}") = "Conjugate Gradient Method", "Conjugate Gradient Method.csproj", "{DE2ABEC7-0E70-4938-AF46-EB6273E32F5C}"
EndProject
Project("{FAE04EC0-301F-11D3-BF4B-00C04F79EFBC}") = "GradientMethod.Tests", "..\GradientMethod.Tests\GradientMethod.Tests.csproj", "{A07D5900-4DE2-4966-A1FF-9C762A307AC2}"
EndProject
Global
	GlobalSection(SolutionConfigurationPlatforms) = preSolution
		Debug|Any CPU = Debug|Any CPU
		Release|Any CPU = Release|Any CPU
	EndGlobalSection
	GlobalSection(ProjectConfigurationPlatforms) = postSolution
		{DE2ABEC7-0E70-4938-AF46-EB6273E32F5C}.Debug|Any CPU.ActiveCfg = Debug|Any CPU
		{DE2ABEC7-0E70-4938-AF46-EB6273E32F5C}.Debug|Any CPU.Build.0 = Debug|Any CPU
		{DE2ABEC7-0E70-4938-AF46-EB6273E32F5C}.Release|Any CPU.ActiveCfg = Release|Any CPU
		{DE2ABEC7-0E70-4938-AF46-EB6273E32F5C}.Release|Any CPU.Build.0 = Release|Any CPU
		{A07D5900-4DE2-4966-A1FF-9C762A307AC2}.Debug|Any CPU.ActiveCfg = Debug|Any CPU
		{A07D5900-4DE2-4966-A1FF-9C762A307AC2}.Debug|Any CPU.Build.0 = Debug|Any CPU
		{A07D5900-4DE2-4966-A1FF-9C762A307AC2}.Release|Any CPU.ActiveCfg = Release|Any CPU
		{A07D5900-4DE2-4966-A1FF-9C762A307AC2}.Release|Any CPU.Build.0 = Release|Any CPU
	EndGlobalSection
	GlobalSection(SolutionProperties) = preSolution
		HideSolutionNode = FALSE
	EndGlobalSection
	GlobalSection(ExtensibilityGlobals) = postSolution
		SolutionGuid = {BA672DFD-EF34-45CC-B9A9-7F4A758F1DE1}
	EndGlobalSection
EndGlobal
